{
  "originHash" : "50c5fcc451508c29d4b84b88ce5a7c589b460f8910025e2b46f7e2ad73c4bc5c",
  "pins" : [
    {
      "identity" : "sparkle",
      "kind" : "remoteSourceControl",
      "location" : "https://github.com/sparkle-project/Sparkle.git",
      "state" : {
        "revision" : "b6496a74a087257ef5e6da1c5b29a447a60f5bd7",
        "version" : "2.9.4"
      }
    }
  ],
  "version" : 3
}
